
Microsoft Visual Studio Solution File, Format Version 12.00
# Visual Studio Version 17
VisualStudioVersion = 17.2.32505.173
MinimumVisualStudioVersion = 10.0.40219.1
Project("{2150E333-8FDC-42A3-9474-1A3956D46DE8}") = "src", "src", "{0C02FCA8-EF33-48FA-A548-EA8FEDDFF5D4}"
EndProject
Project("{FAE04EC0-301F-11D3-BF4B-00C04F79EFBC}") = "Sigida.PollingSystem.Entities", "src\Sigida.PollingSystem.Entities\Sigida.PollingSystem.Entities.csproj", "{FE4413D9-8140-4388-B884-22AA94FAE7FC}"
EndProject
Project("{FAE04EC0-301F-11D3-BF4B-00C04F79EFBC}") = "Sigida.PollingSystem.ConsoleClient", "src\Sigida.PollingSystem.ConsoleClient\Sigida.PollingSystem.ConsoleClient.csproj", "{85B662F8-2DA5-42E3-ABF1-FBF4CAB4147D}"
EndProject
Project("{FAE04EC0-301F-11D3-BF4B-00C04F79EFBC}") = "Sigida.PollingSystem.Application", "src\Sigida.PollintSystem.Application\Sigida.PollingSystem.Application.csproj", "{63F7B40D-2007-4DF8-9F94-86CB7506DB41}"
EndProject
Project("{FAE04EC0-301F-11D3-BF4B-00C04F79EFBC}") = "Sigida.PollingSystem.Web", "src\Sigida.PollingSystem.Web\Sigida.PollingSystem.Web.csproj", "{A7E1C117-3C6B-4C5B-9FAE-2B2B991433AA}"
EndProject
Global
	GlobalSection(SolutionConfigurationPlatforms) = preSolution
		Debug|Any CPU = Debug|Any CPU
		Release|Any CPU = Release|Any CPU
	EndGlobalSection
	GlobalSection(ProjectConfigurationPlatforms) = postSolution
		{FE4413D9-8140-4388-B884-22AA94FAE7FC}.Debug|Any CPU.ActiveCfg = Debug|Any CPU
		{FE4413D9-8140-4388-B884-22AA94FAE7FC}.Debug|Any CPU.Build.0 = Debug|Any CPU
		{FE4413D9-8140-4388-B884-22AA94FAE7FC}.Release|Any CPU.ActiveCfg = Release|Any CPU
		{FE4413D9-8140-4388-B884-22AA94FAE7FC}.Release|Any CPU.Build.0 = Release|Any CPU
		{85B662F8-2DA5-42E3-ABF1-FBF4CAB4147D}.Debug|Any CPU.ActiveCfg = Debug|Any CPU
		{85B662F8-2DA5-42E3-ABF1-FBF4CAB4147D}.Debug|Any CPU.Build.0 = Debug|Any CPU
		{85B662F8-2DA5-42E3-ABF1-FBF4CAB4147D}.Release|Any CPU.ActiveCfg = Release|Any CPU
		{85B662F8-2DA5-42E3-ABF1-FBF4CAB4147D}.Release|Any CPU.Build.0 = Release|Any CPU
		{63F7B40D-2007-4DF8-9F94-86CB7506DB41}.Debug|Any CPU.ActiveCfg = Debug|Any CPU
		{63F7B40D-2007-4DF8-9F94-86CB7506DB41}.Debug|Any CPU.Build.0 = Debug|Any CPU
		{63F7B40D-2007-4DF8-9F94-86CB7506DB41}.Release|Any CPU.ActiveCfg = Release|Any CPU
		{63F7B40D-2007-4DF8-9F94-86CB7506DB41}.Release|Any CPU.Build.0 = Release|Any CPU
		{A7E1C117-3C6B-4C5B-9FAE-2B2B991433AA}.Debug|Any CPU.ActiveCfg = Debug|Any CPU
		{A7E1C117-3C6B-4C5B-9FAE-2B2B991433AA}.Debug|Any CPU.Build.0 = Debug|Any CPU
		{A7E1C117-3C6B-4C5B-9FAE-2B2B991433AA}.Release|Any CPU.ActiveCfg = Release|Any CPU
		{A7E1C117-3C6B-4C5B-9FAE-2B2B991433AA}.Release|Any CPU.Build.0 = Release|Any CPU
	EndGlobalSection
	GlobalSection(SolutionProperties) = preSolution
		HideSolutionNode = FALSE
	EndGlobalSection
	GlobalSection(NestedProjects) = preSolution
		{FE4413D9-8140-4388-B884-22AA94FAE7FC} = {0C02FCA8-EF33-48FA-A548-EA8FEDDFF5D4}
		{63F7B40D-2007-4DF8-9F94-86CB7506DB41} = {0C02FCA8-EF33-48FA-A548-EA8FEDDFF5D4}
		{A7E1C117-3C6B-4C5B-9FAE-2B2B991433AA} = {0C02FCA8-EF33-48FA-A548-EA8FEDDFF5D4}
	EndGlobalSection
	GlobalSection(ExtensibilityGlobals) = postSolution
		SolutionGuid = {36B8CED4-EA0B-41C9-84EB-6A8A7A549615}
	EndGlobalSection
EndGlobal
